
Microsoft Visual Studio Solution File, Format Version 12.00
# Visual Studio Version 17
VisualStudioVersion = 17.9.34728.123
MinimumVisualStudioVersion = 10.0.40219.1
Project("{FAE04EC0-301F-11D3-BF4B-00C04F79EFBC}") = "Traseu", "Traseu\Traseu.csproj", "{03D50751-FD82-4459-8034-C463709A77D4}"
EndProject
Global
	GlobalSection(SolutionConfigurationPlatforms) = preSolution
		Debug|Any CPU = Debug|Any CPU
		Release|Any CPU = Release|Any CPU
	EndGlobalSection
	GlobalSection(ProjectConfigurationPlatforms) = postSolution
		{03D50751-FD82-4459-8034-C463709A77D4}.Debug|Any CPU.ActiveCfg = Debug|Any CPU
		{03D50751-FD82-4459-8034-C463709A77D4}.Debug|Any CPU.Build.0 = Debug|Any CPU
		{03D50751-FD82-4459-8034-C463709A77D4}.Release|Any CPU.ActiveCfg = Release|Any CPU
		{03D50751-FD82-4459-8034-C463709A77D4}.Release|Any CPU.Build.0 = Release|Any CPU
	EndGlobalSection
	GlobalSection(SolutionProperties) = preSolution
		HideSolutionNode = FALSE
	EndGlobalSection
	GlobalSection(ExtensibilityGlobals) = postSolution
		SolutionGuid = {5D6716EF-379B-4133-86EC-ED73707F3D8C}
	EndGlobalSection
EndGlobal
